{
  "name": "node-basic",
  "version": "0.1.0",
  "lockfileVersion": 3,
  "requires": true,
  "packages": {
    "": {
      "name": "node-basic",
      "version": "0.1.0",
      "dependencies": {
        "vendorlib": "file:./vendor/vendorlib"
      }
    },
    "node_modules/vendorlib": {
      "resolved": "vendor/vendorlib",
      "link": true
    },
    "vendor/vendorlib": {
      "version": "0.1.0"
    }
  }
}
