{
  "name": "node-ts-basic",
  "version": "0.1.0",
  "lockfileVersion": 3,
  "requires": true,
  "packages": {
    "": {
      "name": "node-ts-basic",
      "version": "0.1.0",
      "dependencies": {
        "vendor-tslib": "file:./vendor/tslib"
      }
    },
    "node_modules/vendor-tslib": {
      "resolved": "vendor/tslib",
      "link": true
    },
    "vendor/tslib": {
      "name": "vendor-tslib",
      "version": "0.1.0"
    }
  }
}
