version: 7
platforms:
- name: linux-64
  virtual-packages:
  - __unix=0=0
  - __linux=4.18
  - __glibc=2.28
  - __archspec=0=x86_64
- name: linux-aarch64
  virtual-packages:
  - __unix=0=0
  - __linux=4.18
  - __glibc=2.28
  - __archspec=0=aarch64
- name: osx-64
  virtual-packages:
  - __unix=0=0
  - __osx=13.0
  - __archspec=0=x86_64
- name: osx-arm64
  virtual-packages:
  - __unix=0=0
  - __osx=13.0
  - __archspec=0=m1
environments:
  default:
    channels:
    - url: https://conda.anaconda.org/conda-forge/
    packages: {}
  rust:
    channels:
    - url: https://conda.anaconda.org/conda-forge/
    packages:
      linux-64:
      - conda: https://conda.anaconda.org/conda-forge/linux-64/_openmp_mutex-4.5-20_gnu.conda
      - conda: https://conda.anaconda.org/conda-forge/linux-64/binutils_impl_linux-64-2.46.1-default_hfdba357_102.conda
      - conda: https://conda.anaconda.org/conda-forge/linux-64/gcc_impl_linux-64-16.2.0-hfe51025_5.conda
      - conda: https://conda.anaconda.org/conda-forge/linux-64/ld_impl_linux-64-2.46.1-default_hbd61a6d_102.conda
      - conda: https://conda.anaconda.org/conda-forge/linux-64/libgcc-16.2.0-ha9f2e26_5.conda
      - conda: https://conda.anaconda.org/conda-forge/linux-64/libgomp-16.2.0-he0feb66_5.conda
      - conda: https://conda.anaconda.org/conda-forge/linux-64/libsanitizer-16.2.0-h3048135_5.conda
      - conda: https://conda.anaconda.org/conda-forge/linux-64/libstdcxx-16.2.0-h934c35e_5.conda
      - conda: https://conda.anaconda.org/conda-forge/linux-64/libzlib-1.3.2-h25fd6f3_3.conda
      - conda: https://conda.anaconda.org/conda-forge/linux-64/rust-1.98.1-hc89c8c8_2.conda
      - conda: https://conda.anaconda.org/conda-forge/linux-64/zstd-1.5.7-hb78ec9c_7.conda
      - conda: https://conda.anaconda.org/conda-forge/noarch/kernel-headers_linux-64-4.18.0-he073ed8_9.conda
      - conda: https://conda.anaconda.org/conda-forge/noarch/libgcc-devel_linux-64-16.2.0-he3ce08f_105.conda
      - conda: https://conda.anaconda.org/conda-forge/noarch/libstdcxx-devel_linux-64-16.2.0-h86e191b_105.conda
      - conda: https://conda.anaconda.org/conda-forge/noarch/rust-std-x86_64-unknown-linux-gnu-1.98.1-h2c6d0dc_2.conda
      - conda: https://conda.anaconda.org/conda-forge/noarch/sysroot_linux-64-2.28-h4ee821c_9.conda
      - conda: https://conda.anaconda.org/conda-forge/noarch/tzdata-2026c-h151e31d_0.conda
      linux-aarch64:
      - conda: https://conda.anaconda.org/conda-forge/linux-aarch64/_openmp_mutex-4.5-20_gnu.conda
      - conda: https://conda.anaconda.org/conda-forge/linux-aarch64/binutils_impl_linux-aarch64-2.46.1-default_h5f4c503_102.conda
      - conda: https://conda.anaconda.org/conda-forge/linux-aarch64/gcc_impl_linux-aarch64-16.2.0-hcf4b594_5.conda
      - conda: https://conda.anaconda.org/conda-forge/linux-aarch64/ld_impl_linux-aarch64-2.46.1-default_h1979696_102.conda
      - conda: https://conda.anaconda.org/conda-forge/linux-aarch64/libgcc-16.2.0-h205dda4_5.conda
      - conda: https://conda.anaconda.org/conda-forge/linux-aarch64/libgomp-16.2.0-h8acb6b2_5.conda
      - conda: https://conda.anaconda.org/conda-forge/linux-aarch64/libsanitizer-16.2.0-h73cac2c_5.conda
      - conda: https://conda.anaconda.org/conda-forge/linux-aarch64/libstdcxx-16.2.0-hef695bb_5.conda
      - conda: https://conda.anaconda.org/conda-forge/linux-aarch64/libzlib-1.3.2-hdc9db2a_3.conda
      - conda: https://conda.anaconda.org/conda-forge/linux-aarch64/rust-1.98.1-h651fc87_2.conda
      - conda: https://conda.anaconda.org/conda-forge/linux-aarch64/zstd-1.5.7-h9d15635_7.conda
      - conda: https://conda.anaconda.org/conda-forge/noarch/kernel-headers_linux-aarch64-4.18.0-h05a177a_9.conda
      - conda: https://conda.anaconda.org/conda-forge/noarch/libgcc-devel_linux-aarch64-16.2.0-hc0c2482_105.conda
      - conda: https://conda.anaconda.org/conda-forge/noarch/libstdcxx-devel_linux-aarch64-16.2.0-h082e5f6_105.conda
      - conda: https://conda.anaconda.org/conda-forge/noarch/rust-std-aarch64-unknown-linux-gnu-1.98.1-hbe8e118_2.conda
      - conda: https://conda.anaconda.org/conda-forge/noarch/sysroot_linux-aarch64-2.28-h585391f_9.conda
      - conda: https://conda.anaconda.org/conda-forge/noarch/tzdata-2026c-h151e31d_0.conda
      osx-64:
      - conda: https://conda.anaconda.org/conda-forge/noarch/rust-std-x86_64-apple-darwin-1.98.1-h38e4360_2.conda
      - conda: https://conda.anaconda.org/conda-forge/osx-64/rust-1.98.1-h5655b98_2.conda
      osx-arm64:
      - conda: https://conda.anaconda.org/conda-forge/noarch/rust-std-aarch64-apple-darwin-1.98.1-hf6ec828_2.conda
      - conda: https://conda.anaconda.org/conda-forge/osx-arm64/rust-1.98.1-h4ff7c5d_2.conda
packages:
- conda: https://conda.anaconda.org/conda-forge/linux-64/_openmp_mutex-4.5-20_gnu.conda
  build_number: 20
  sha256: 1dd3fffd892081df9726d7eb7e0dea6198962ba775bd88842135a4ddb4deb3c9
  md5: a9f577daf3de00bca7c3c76c0ecbd1de
  depends:
  - __glibc >=2.17,<3.0.a0
  - libgomp >=7.5.0
  constrains:
  - openmp_impl <0.0a0
  license: BSD-3-Clause
  license_family: BSD
  run_exports:
    strong:
    - _openmp_mutex >=4.5
  size: 28948
  timestamp: 1770939786096
- conda: https://conda.anaconda.org/conda-forge/linux-64/binutils_impl_linux-64-2.46.1-default_hfdba357_102.conda
  sha256: fb7bf36984a37ce7e4714d1d1da0bd0e3bfc679520f5cdc184afc676fd4b5da2
  md5: a0c5e0b7f58c8ceeb08e5bc41251d5a2
  depends:
  - ld_impl_linux-64 2.46.1 default_hbd61a6d_102
  - sysroot_linux-64
  - zstd >=1.5.7,<1.6.0a0
  license: GPL-3.0-only
  license_family: GPL
  run_exports: {}
  size: 3713752
  timestamp: 1784214522814
- conda: https://conda.anaconda.org/conda-forge/linux-64/gcc_impl_linux-64-16.2.0-hfe51025_5.conda
  sha256: 7780003a2cfd8872289904a71237744c698fec19020ae60886b97de86c583c01
  md5: 09b8b303d0ef48ef81bd3d7c7bb88ab2
  depends:
  - binutils_impl_linux-64 >=2.46.1
  - libgcc >=16.2.0
  - libgcc-devel_linux-64 16.2.0 he3ce08f_105
  - libgomp >=16.2.0
  - libsanitizer 16.2.0 h3048135_5
  - libstdcxx >=16.2.0
  - libstdcxx-devel_linux-64 16.2.0 h86e191b_105
  - sysroot_linux-64
  license: GPL-3.0-only WITH GCC-exception-3.1
  license_family: GPL
  run_exports: {}
  size: 86290246
  timestamp: 1789485878802
- conda: https://conda.anaconda.org/conda-forge/linux-64/ld_impl_linux-64-2.46.1-default_hbd61a6d_102.conda
  sha256: 27d83f1188cd19bcb7754a078b3fa7f4cfb8527f8eb2fde54dd01fc529d1adec
  md5: 449500f2c089da11c40f5c21312e3e07
  depends:
  - __glibc >=2.17,<3.0.a0
  - zstd >=1.5.7,<1.6.0a0
  constrains:
  - binutils_impl_linux-64 2.46.1
  license: GPL-3.0-only
  license_family: GPL
  run_exports: {}
  size: 745303
  timestamp: 1784214507189
- conda: https://conda.anaconda.org/conda-forge/linux-64/libgcc-16.2.0-ha9f2e26_5.conda
  sha256: 33d1b5d57c5a55a474330c5ec41fe7001a5aa600d9639389e8ce5edafae216a4
  md5: 3b62b92f0f082b67c59618ebf07617a7
  depends:
  - __glibc >=2.17,<3.0.a0
  - _openmp_mutex >=4.5
  constrains:
  - libgcc-ng ==16.2.0=*_5
  - libgomp 16.2.0 he0feb66_5
  license: GPL-3.0-only WITH GCC-exception-3.1
  license_family: GPL
  run_exports: {}
  size: 1057064
  timestamp: 1789485807107
- conda: https://conda.anaconda.org/conda-forge/linux-64/libgomp-16.2.0-he0feb66_5.conda
  sha256: 224a5a09e258a1a257089a9af310e9336e1d36834959718a9fab8679742dd822
  md5: af44890f8a2beefd3a83805a59a65014
  depends:
  - __glibc >=2.17,<3.0.a0
  license: GPL-3.0-only WITH GCC-exception-3.1
  license_family: GPL
  run_exports:
    strong:
    - _openmp_mutex >=4.5
  size: 641644
  timestamp: 1789485759120
- conda: https://conda.anaconda.org/conda-forge/linux-64/libsanitizer-16.2.0-h3048135_5.conda
  sha256: 1b4a1af8c844952d43e5968706670888742cf44257003a49892a5e079543440c
  md5: bdb56fbf405e1dfd9d2bfe3c7107b35f
  depends:
  - __glibc >=2.17,<3.0.a0
  - libgcc >=16.2.0
  - libstdcxx >=16.2.0
  license: GPL-3.0-only WITH GCC-exception-3.1
  license_family: GPL
  run_exports:
    weak:
    - libsanitizer 16.2.0
  size: 8458612
  timestamp: 1789485839787
- conda: https://conda.anaconda.org/conda-forge/linux-64/libstdcxx-16.2.0-h934c35e_5.conda
  sha256: 38cadde30fad8f7c101f9eec79f60bf03fc99310c7195d23f8b30832516d666f
  md5: 75b43a2912a0354204696708e4f34b8d
  depends:
  - __glibc >=2.17,<3.0.a0
  - libgcc 16.2.0 ha9f2e26_5
  constrains:
  - libstdcxx-ng ==16.2.0=*_5
  license: GPL-3.0-only WITH GCC-exception-3.1
  license_family: GPL
  run_exports: {}
  size: 6618916
  timestamp: 1789485826390
- conda: https://conda.anaconda.org/conda-forge/linux-64/libzlib-1.3.2-h25fd6f3_3.conda
  sha256: eb8a0db0aa570124f7d2a93d7c7f596e3390df5e047818d873baad32985fc736
  md5: 0de0122d9570a8ab637c6b73db268389
  depends:
  - __glibc >=2.17,<3.0.a0
  constrains:
  - zlib 1.3.2 *_3
  license: Zlib
  license_family: Other
  run_exports:
    weak:
    - libzlib >=1.3.2,<2.0a0
  size: 63713
  timestamp: 1785362952714
- conda: https://conda.anaconda.org/conda-forge/linux-64/rust-1.98.1-hc89c8c8_2.conda
  sha256: f5616bd0732c8ba5b6146d9141d5ad2719546fa35379656bb96cd3ef7449ed5e
  md5: 248193fbaef32172d879f03478dc8181
  depends:
  - __glibc >=2.17,<3.0.a0
  - gcc_impl_linux-64
  - libgcc >=15
  - libzlib >=1.3.2,<2.0a0
  - rust-std-x86_64-unknown-linux-gnu 1.98.1 h2c6d0dc_2
  - sysroot_linux-64 >=2.17
  license: MIT
  license_family: MIT
  run_exports:
    strong_constrains:
    - __glibc >=2.17
  size: 173347196
  timestamp: 1788888331501
- conda: https://conda.anaconda.org/conda-forge/linux-64/zstd-1.5.7-hb78ec9c_7.conda
  sha256: 47d682b9f6d6ec9eb1a6e6c3e75ea6273e899e78fb7fc59f81d39745009fbc60
  md5: aa459086047c0e5e27023ab19f8cb86a
  depends:
  - __glibc >=2.17,<3.0.a0
  - libzlib >=1.3.2,<2.0a0
  license: BSD-3-Clause
  license_family: BSD
  run_exports:
    weak:
    - zstd >=1.5.7,<1.6.0a0
  size: 601301
  timestamp: 1786599621503
- conda: https://conda.anaconda.org/conda-forge/linux-aarch64/_openmp_mutex-4.5-20_gnu.conda
  build_number: 20
  sha256: a2527b1d81792a0ccd2c05850960df119c2b6d8f5fdec97f2db7d25dc23b1068
  md5: 468fd3bb9e1f671d36c2cbc677e56f1d
  depends:
  - libgomp >=7.5.0
  constrains:
  - openmp_impl <0.0a0
  license: BSD-3-Clause
  license_family: BSD
  run_exports:
    strong:
    - _openmp_mutex >=4.5
  size: 28926
  timestamp: 1770939656741
- conda: https://conda.anaconda.org/conda-forge/linux-aarch64/binutils_impl_linux-aarch64-2.46.1-default_h5f4c503_102.conda
  sha256: eebe159bf600943552e4319ff4ce27b6a2dadf0dcc5443e76dcee9259a408e11
  md5: 58f37d76b8234c69dbf2939d511bea0b
  depends:
  - ld_impl_linux-aarch64 2.46.1 default_h1979696_102
  - sysroot_linux-aarch64
  - zstd >=1.5.7,<1.6.0a0
  license: GPL-3.0-only
  license_family: GPL
  run_exports: {}
  size: 4677171
  timestamp: 1784214549910
- conda: https://conda.anaconda.org/conda-forge/linux-aarch64/gcc_impl_linux-aarch64-16.2.0-hcf4b594_5.conda
  sha256: 09565f089fb6361705eb20e9ef107b1f17ae195e3221a213dfae5829a2ceac98
  md5: bdf3e1b6bb1c8fc4c9007880a440fc4b
  depends:
  - binutils_impl_linux-aarch64 >=2.46.1
  - libgcc >=16.2.0
  - libgcc-devel_linux-aarch64 16.2.0 hc0c2482_105
  - libgomp >=16.2.0
  - libsanitizer 16.2.0 h73cac2c_5
  - libstdcxx >=16.2.0
  - libstdcxx-devel_linux-aarch64 16.2.0 h082e5f6_105
  - sysroot_linux-aarch64
  license: GPL-3.0-only WITH GCC-exception-3.1
  license_family: GPL
  run_exports: {}
  size: 76393374
  timestamp: 1789485900092
- conda: https://conda.anaconda.org/conda-forge/linux-aarch64/ld_impl_linux-aarch64-2.46.1-default_h1979696_102.conda
  sha256: 2c4901f4227b0850328ed0c69f958b30ad2cd18982f7a31c7c1f911827004d08
  md5: 489444d0acb2a579d2a002d85a08c059
  depends:
  - zstd >=1.5.7,<1.6.0a0
  constrains:
  - binutils_impl_linux-aarch64 2.46.1
  license: GPL-3.0-only
  license_family: GPL
  run_exports: {}
  size: 905305
  timestamp: 1784214534868
- conda: https://conda.anaconda.org/conda-forge/linux-aarch64/libgcc-16.2.0-h205dda4_5.conda
  sha256: e39d4701155a133927a90843165c0ac7f5ac5c2f684fb4ad83862f16a8ed4e6d
  md5: 0b5bcf498a9e65d337bede418c9294b1
  depends:
  - _openmp_mutex >=4.5
  constrains:
  - libgcc-ng ==16.2.0=*_5
  - libgomp 16.2.0 h8acb6b2_5
  license: GPL-3.0-only WITH GCC-exception-3.1
  license_family: GPL
  run_exports: {}
  size: 627589
  timestamp: 1789485830171
- conda: https://conda.anaconda.org/conda-forge/linux-aarch64/libgomp-16.2.0-h8acb6b2_5.conda
  sha256: 4f50ea4061b3e7c59f98be9c7f0621bc086d392219f9e349f350b89274200d91
  md5: 9f75d29a595b0b62c9b9299c2561216a
  license: GPL-3.0-only WITH GCC-exception-3.1
  license_family: GPL
  run_exports:
    strong:
    - _openmp_mutex >=4.5
  size: 617425
  timestamp: 1789485762815
- conda: https://conda.anaconda.org/conda-forge/linux-aarch64/libsanitizer-16.2.0-h73cac2c_5.conda
  sha256: da6b53102015e9243c18c48a3a15ebc1a242eeeb4d7dd795ca09d654a3904844
  md5: be78d2d3c225e6bb2b1c808c4d4988d0
  depends:
  - libgcc >=16.2.0
  - libstdcxx >=16.2.0
  license: GPL-3.0-only WITH GCC-exception-3.1
  license_family: GPL
  run_exports:
    weak:
    - libsanitizer 16.2.0
  size: 7878938
  timestamp: 1789485861200
- conda: https://conda.anaconda.org/conda-forge/linux-aarch64/libstdcxx-16.2.0-hef695bb_5.conda
  sha256: aaac28ea86cc162a2e1719165d1fcab915e796f403482f32d8af11d99dcb7ed9
  md5: 17d44d3c9198f3bd108cd24a87e0d75f
  depends:
  - libgcc 16.2.0 h205dda4_5
  constrains:
  - libstdcxx-ng ==16.2.0=*_5
  license: GPL-3.0-only WITH GCC-exception-3.1
  license_family: GPL
  run_exports: {}
  size: 6236582
  timestamp: 1789485847583
- conda: https://conda.anaconda.org/conda-forge/linux-aarch64/libzlib-1.3.2-hdc9db2a_3.conda
  sha256: 76efa6cc9d7e6f5ee3bbca0939f64054af2bdfb3c3632531f8e633cf6c2ea41e
  md5: bd534c2fbe56d8c2ea3b2d8f5e12bca8
  constrains:
  - zlib 1.3.2 *_3
  license: Zlib
  license_family: Other
  run_exports:
    weak:
    - libzlib >=1.3.2,<2.0a0
  size: 70108
  timestamp: 1785276540870
- conda: https://conda.anaconda.org/conda-forge/linux-aarch64/rust-1.98.1-h651fc87_2.conda
  sha256: 71995a2dc038427be35d7ba9ddb4c2666d4b097b195f9b07d85216df57eaafce
  md5: 877ec678db68d34dc8dc53597d047111
  depends:
  - gcc_impl_linux-aarch64
  - libgcc >=15
  - libzlib >=1.3.2,<2.0a0
  - rust-std-aarch64-unknown-linux-gnu 1.98.1 hbe8e118_2
  - sysroot_linux-aarch64 >=2.17
  license: MIT
  license_family: MIT
  run_exports:
    strong_constrains:
    - __glibc >=2.17
  size: 138145608
  timestamp: 1788887060853
- conda: https://conda.anaconda.org/conda-forge/linux-aarch64/zstd-1.5.7-h9d15635_7.conda
  sha256: 427fd14bcb3b8659796fecc682716617409350fb5a98e5b7b47558a10d1a2fc7
  md5: d942e34ac3920ba83f8b2d0169570187
  depends:
  - libzlib >=1.3.2,<2.0a0
  license: BSD-3-Clause
  license_family: BSD
  run_exports:
    weak:
    - zstd >=1.5.7,<1.6.0a0
  size: 615477
  timestamp: 1786599613561
- conda: https://conda.anaconda.org/conda-forge/noarch/kernel-headers_linux-64-4.18.0-he073ed8_9.conda
  sha256: 41557eeadf641de6aeae49486cef30d02a6912d8da98585d687894afd65b356a
  md5: 86d9cba083cd041bfbf242a01a7a1999
  constrains:
  - sysroot_linux-64 ==2.28
  license: LGPL-2.0-or-later AND LGPL-2.0-or-later WITH exceptions AND GPL-2.0-or-later
  license_family: GPL
  run_exports: {}
  size: 1278712
  timestamp: 1765578681495
- conda: https://conda.anaconda.org/conda-forge/noarch/kernel-headers_linux-aarch64-4.18.0-h05a177a_9.conda
  sha256: 5d224bf4df9bac24e69de41897c53756108c5271a0e5d2d2f66fd4e2fbc1d84b
  md5: bb3b7cad9005f2cbf9d169fb30263f3e
  constrains:
  - sysroot_linux-aarch64 ==2.28
  license: LGPL-2.0-or-later AND LGPL-2.0-or-later WITH exceptions AND GPL-2.0-or-later
  license_family: GPL
  run_exports: {}
  size: 1248134
  timestamp: 1765578613607
- conda: https://conda.anaconda.org/conda-forge/noarch/libgcc-devel_linux-64-16.2.0-he3ce08f_105.conda
  sha256: 8c50468146b12ae9f2c7b457aa54fef603f69f7c46d607d6c892c16d1c8d2f70
  md5: fba9fe1cd6b560a30e93ecf43ce9bf05
  depends:
  - __unix
  license: GPL-3.0-only WITH GCC-exception-3.1
  license_family: GPL
  run_exports: {}
  size: 3093468
  timestamp: 1789485750659
- conda: https://conda.anaconda.org/conda-forge/noarch/libgcc-devel_linux-aarch64-16.2.0-hc0c2482_105.conda
  sha256: 1357546586331013eeef589f4dbd224b3258ea4f19450f47e7b7ae5cebd64352
  md5: 4800c40dfd002cc1ce0d22bbd50ee327
  depends:
  - __unix
  license: GPL-3.0-only WITH GCC-exception-3.1
  license_family: GPL
  run_exports: {}
  size: 2347067
  timestamp: 1789485754382
- conda: https://conda.anaconda.org/conda-forge/noarch/libstdcxx-devel_linux-64-16.2.0-h86e191b_105.conda
  sha256: db4009a129f73e5f4e301a06b443bb5d160dbd7a89685ca54db1f50cd47f6963
  md5: 1d4921231b3b9f0b2d0de0796c19a8cb
  depends:
  - __unix
  license: GPL-3.0-only WITH GCC-exception-3.1
  license_family: GPL
  run_exports: {}
  size: 22154557
  timestamp: 1789485768896
- conda: https://conda.anaconda.org/conda-forge/noarch/libstdcxx-devel_linux-aarch64-16.2.0-h082e5f6_105.conda
  sha256: 454e51e14b5d376e001d4fd28e6e86ef09047ce103a7412be636e1b0d1a96504
  md5: cf8c6684b686258f2c9e9f5b8539faea
  depends:
  - __unix
  license: GPL-3.0-only WITH GCC-exception-3.1
  license_family: GPL
  run_exports: {}
  size: 19742647
  timestamp: 1789485772305
- conda: https://conda.anaconda.org/conda-forge/noarch/rust-std-aarch64-apple-darwin-1.98.1-hf6ec828_2.conda
  sha256: c88fbaa6dd94dab30d2e7814d369d05f653e5232f04473d65fa2bcdc31207ec4
  md5: 77402d6883efe412b63aa5089c11ae91
  depends:
  - __unix
  constrains:
  - rust >=1.98.1,<1.98.2.0a0
  license: MIT
  license_family: MIT
  run_exports: {}
  size: 35527854
  timestamp: 1788886991045
- conda: https://conda.anaconda.org/conda-forge/noarch/rust-std-aarch64-unknown-linux-gnu-1.98.1-hbe8e118_2.conda
  sha256: 5628a4240369983a6af191c2229d1e1c05f9d6b23871c32459bbcfe00f3144d0
  md5: 15eb6e2a13fcd525275fa482a6522e45
  depends:
  - __unix
  constrains:
  - rust >=1.98.1,<1.98.2.0a0
  license: MIT
  license_family: MIT
  run_exports: {}
  size: 37058004
  timestamp: 1788886995203
- conda: https://conda.anaconda.org/conda-forge/noarch/rust-std-x86_64-apple-darwin-1.98.1-h38e4360_2.conda
  sha256: a20b3f1faa7707bd4cc8e00e51d34550b2fb94606b0b1d2ad36e0ed20d5f385d
  md5: 885b70d56b2052e92c0b76f034ebec43
  depends:
  - __unix
  constrains:
  - rust >=1.98.1,<1.98.2.0a0
  license: MIT
  license_family: MIT
  run_exports: {}
  size: 35339423
  timestamp: 1788887265255
- conda: https://conda.anaconda.org/conda-forge/noarch/rust-std-x86_64-unknown-linux-gnu-1.98.1-h2c6d0dc_2.conda
  sha256: 0b174b85c848fb74994debad1590dd13b2245daadc4b244a3d4e5f044ccd7759
  md5: d26821c482dd4577f7bca11d4f34a460
  depends:
  - __unix
  constrains:
  - rust >=1.98.1,<1.98.2.0a0
  license: MIT
  license_family: MIT
  run_exports: {}
  size: 36854225
  timestamp: 1788888197535
- conda: https://conda.anaconda.org/conda-forge/noarch/sysroot_linux-64-2.28-h4ee821c_9.conda
  sha256: c47299fe37aebb0fcf674b3be588e67e4afb86225be4b0d452c7eb75c086b851
  md5: 13dc3adbc692664cd3beabd216434749
  depends:
  - __glibc >=2.28
  - kernel-headers_linux-64 4.18.0 he073ed8_9
  - tzdata
  license: LGPL-2.0-or-later AND LGPL-2.0-or-later WITH exceptions AND GPL-2.0-or-later
  license_family: GPL
  run_exports:
    strong:
    - __glibc >=2.28,<3.0.a0
  size: 24008591
  timestamp: 1765578833462
- conda: https://conda.anaconda.org/conda-forge/noarch/sysroot_linux-aarch64-2.28-h585391f_9.conda
  sha256: 1bd2db6b2e451247bab103e4a0128cf6c7595dd72cb26d70f7fadd9edd1d1bc3
  md5: fdf07ab944a222ff28c754914fdb0740
  depends:
  - __glibc >=2.28
  - kernel-headers_linux-aarch64 4.18.0 h05a177a_9
  - tzdata
  license: LGPL-2.0-or-later AND LGPL-2.0-or-later WITH exceptions AND GPL-2.0-or-later
  license_family: GPL
  run_exports:
    strong:
    - __glibc >=2.28,<3.0.a0
  size: 23644746
  timestamp: 1765578629426
- conda: https://conda.anaconda.org/conda-forge/noarch/tzdata-2026c-h151e31d_0.conda
  sha256: b928c30ddcb0e3f544c6eade8352737e6e610e263276b90232db6a578ef899d8
  md5: fcb489df604d100968b737f2cb6076c6
  license: LicenseRef-Public-Domain
  run_exports: {}
  size: 118849
  timestamp: 1784250406640
- conda: https://conda.anaconda.org/conda-forge/osx-64/rust-1.98.1-h5655b98_2.conda
  sha256: 54aa7b46cb60b0b3fb942b68d1d5b1a71189e82fcd0c113e90b29175fa01c5aa
  md5: ad0aa4e82486567acab6fda7c20ed703
  depends:
  - rust-std-x86_64-apple-darwin 1.98.1 h38e4360_2
  license: MIT
  license_family: MIT
  run_exports:
    strong_constrains:
    - __osx >=11.0
  size: 119365101
  timestamp: 1788887424048
- conda: https://conda.anaconda.org/conda-forge/osx-arm64/rust-1.98.1-h4ff7c5d_2.conda
  sha256: ceac23ee119e64ff51f64b743eebabe1ca99c8795e924abaebfba2ccac478d02
  md5: 0ba7e1825eb22abab436c6353f6932c2
  depends:
  - rust-std-aarch64-apple-darwin 1.98.1 hf6ec828_2
  license: MIT
  license_family: MIT
  run_exports: {}
  size: 105729132
  timestamp: 1788887063099
